
Microsoft Visual Studio Solution File, Format Version 12.00
# Visual Studio Version 17
VisualStudioVersion = 17.4.33205.214
MinimumVisualStudioVersion = 10.0.40219.1
Project("{FAE04EC0-301F-11D3-BF4B-00C04F79EFBC}") = "Mapbox", "Mapbox\Mapbox.csproj", "{9DF87314-F75E-4705-ADCE-245FC3AB69DA}"
EndProject
Global
	GlobalSection(SolutionConfigurationPlatforms) = preSolution
		Debug|Any CPU = Debug|Any CPU
		Release|Any CPU = Release|Any CPU
	EndGlobalSection
	GlobalSection(ProjectConfigurationPlatforms) = postSolution
		{9DF87314-F75E-4705-ADCE-245FC3AB69DA}.Debug|Any CPU.ActiveCfg = Debug|Any CPU
		{9DF87314-F75E-4705-ADCE-245FC3AB69DA}.Debug|Any CPU.Build.0 = Debug|Any CPU
		{9DF87314-F75E-4705-ADCE-245FC3AB69DA}.Release|Any CPU.ActiveCfg = Release|Any CPU
		{9DF87314-F75E-4705-ADCE-245FC3AB69DA}.Release|Any CPU.Build.0 = Release|Any CPU
	EndGlobalSection
	GlobalSection(SolutionProperties) = preSolution
		HideSolutionNode = FALSE
	EndGlobalSection
	GlobalSection(ExtensibilityGlobals) = postSolution
		SolutionGuid = {42C458FF-405C-4D27-B1BF-087718E6A263}
	EndGlobalSection
EndGlobal
